
Microsoft Visual Studio Solution File, Format Version 12.00
# Visual Studio Version 17
VisualStudioVersion = 17.9.34622.214
MinimumVisualStudioVersion = 10.0.40219.1
Project("{FAE04EC0-301F-11D3-BF4B-00C04F79EFBC}") = "OcelotGatewaySolution", "OcelotGatewaySolution.csproj", "{603C4ABF-1FD9-43ED-BB82-3E60E554B45A}"
EndProject
Global
	GlobalSection(SolutionConfigurationPlatforms) = preSolution
		Debug|Any CPU = Debug|Any CPU
		Release|Any CPU = Release|Any CPU
	EndGlobalSection
	GlobalSection(ProjectConfigurationPlatforms) = postSolution
		{603C4ABF-1FD9-43ED-BB82-3E60E554B45A}.Debug|Any CPU.ActiveCfg = Debug|Any CPU
		{603C4ABF-1FD9-43ED-BB82-3E60E554B45A}.Debug|Any CPU.Build.0 = Debug|Any CPU
		{603C4ABF-1FD9-43ED-BB82-3E60E554B45A}.Release|Any CPU.ActiveCfg = Release|Any CPU
		{603C4ABF-1FD9-43ED-BB82-3E60E554B45A}.Release|Any CPU.Build.0 = Release|Any CPU
	EndGlobalSection
	GlobalSection(SolutionProperties) = preSolution
		HideSolutionNode = FALSE
	EndGlobalSection
	GlobalSection(ExtensibilityGlobals) = postSolution
		SolutionGuid = {F0DA6546-3EB5-4123-AA16-4D6DC5084D2E}
	EndGlobalSection
EndGlobal
